
Microsoft Visual Studio Solution File, Format Version 12.00
# Visual Studio Version 16
VisualStudioVersion = 16.0.29503.13
MinimumVisualStudioVersion = 10.0.40219.1
Project("{FAE04EC0-301F-11D3-BF4B-00C04F79EFBC}") = "InterpackageReboot++", "InterpackageReboot++\InterpackageReboot++.csproj", "{D3833B7C-ADDE-4C74-A988-1CC288A32D7E}"
EndProject
Global
	GlobalSection(SolutionConfigurationPlatforms) = preSolution
		Debug|Any CPU = Debug|Any CPU
		Release|Any CPU = Release|Any CPU
	EndGlobalSection
	GlobalSection(ProjectConfigurationPlatforms) = postSolution
		{D3833B7C-ADDE-4C74-A988-1CC288A32D7E}.Debug|Any CPU.ActiveCfg = Debug|Any CPU
		{D3833B7C-ADDE-4C74-A988-1CC288A32D7E}.Debug|Any CPU.Build.0 = Debug|Any CPU
		{D3833B7C-ADDE-4C74-A988-1CC288A32D7E}.Release|Any CPU.ActiveCfg = Release|Any CPU
		{D3833B7C-ADDE-4C74-A988-1CC288A32D7E}.Release|Any CPU.Build.0 = Release|Any CPU
	EndGlobalSection
	GlobalSection(SolutionProperties) = preSolution
		HideSolutionNode = FALSE
	EndGlobalSection
	GlobalSection(ExtensibilityGlobals) = postSolution
		SolutionGuid = {5DB595FC-D772-41ED-81B5-43DE74D4045D}
	EndGlobalSection
EndGlobal
